
Microsoft Visual Studio Solution File, Format Version 12.00
# Visual Studio 14
VisualStudioVersion = 14.0.25420.1
MinimumVisualStudioVersion = 10.0.40219.1
Project("{FAE04EC0-301F-11D3-BF4B-00C04F79EFBC}") = "LogReader", "LogReader\LogReader.csproj", "{F08116CD-D349-41B9-B9C6-A8F12D575379}"
EndProject
Project("{FAE04EC0-301F-11D3-BF4B-00C04F79EFBC}") = "WcfService", "WcfService\WcfService.csproj", "{2FE30F01-FEFA-4E9E-A92D-1E0BB3CD8457}"
EndProject
Project("{FAE04EC0-301F-11D3-BF4B-00C04F79EFBC}") = "Client", "Client\Client.csproj", "{700D3BCB-5355-4124-B59E-9B90DF5547CE}"
EndProject
Global
	GlobalSection(SolutionConfigurationPlatforms) = preSolution
		Debug|Any CPU = Debug|Any CPU
		Release|Any CPU = Release|Any CPU
	EndGlobalSection
	GlobalSection(ProjectConfigurationPlatforms) = postSolution
		{F08116CD-D349-41B9-B9C6-A8F12D575379}.Debug|Any CPU.ActiveCfg = Debug|Any CPU
		{F08116CD-D349-41B9-B9C6-A8F12D575379}.Debug|Any CPU.Build.0 = Debug|Any CPU
		{F08116CD-D349-41B9-B9C6-A8F12D575379}.Release|Any CPU.ActiveCfg = Release|Any CPU
		{F08116CD-D349-41B9-B9C6-A8F12D575379}.Release|Any CPU.Build.0 = Release|Any CPU
		{2FE30F01-FEFA-4E9E-A92D-1E0BB3CD8457}.Debug|Any CPU.ActiveCfg = Debug|Any CPU
		{2FE30F01-FEFA-4E9E-A92D-1E0BB3CD8457}.Debug|Any CPU.Build.0 = Debug|Any CPU
		{2FE30F01-FEFA-4E9E-A92D-1E0BB3CD8457}.Release|Any CPU.ActiveCfg = Release|Any CPU
		{2FE30F01-FEFA-4E9E-A92D-1E0BB3CD8457}.Release|Any CPU.Build.0 = Release|Any CPU
		{700D3BCB-5355-4124-B59E-9B90DF5547CE}.Debug|Any CPU.ActiveCfg = Debug|Any CPU
		{700D3BCB-5355-4124-B59E-9B90DF5547CE}.Debug|Any CPU.Build.0 = Debug|Any CPU
		{700D3BCB-5355-4124-B59E-9B90DF5547CE}.Release|Any CPU.ActiveCfg = Release|Any CPU
		{700D3BCB-5355-4124-B59E-9B90DF5547CE}.Release|Any CPU.Build.0 = Release|Any CPU
	EndGlobalSection
	GlobalSection(SolutionProperties) = preSolution
		HideSolutionNode = FALSE
	EndGlobalSection
EndGlobal
